
Microsoft Visual Studio Solution File, Format Version 12.00
# Visual Studio Version 17
VisualStudioVersion = 17.8.34511.84
MinimumVisualStudioVersion = 10.0.40219.1
Project("{FAE04EC0-301F-11D3-BF4B-00C04F79EFBC}") = "HataYonetimi", "HataYonetimi.csproj", "{DC0F2A5E-8F15-4A7F-8D2E-B3C24CBAD178}"
EndProject
Global
	GlobalSection(SolutionConfigurationPlatforms) = preSolution
		Debug|Any CPU = Debug|Any CPU
		Release|Any CPU = Release|Any CPU
	EndGlobalSection
	GlobalSection(ProjectConfigurationPlatforms) = postSolution
		{DC0F2A5E-8F15-4A7F-8D2E-B3C24CBAD178}.Debug|Any CPU.ActiveCfg = Debug|Any CPU
		{DC0F2A5E-8F15-4A7F-8D2E-B3C24CBAD178}.Debug|Any CPU.Build.0 = Debug|Any CPU
		{DC0F2A5E-8F15-4A7F-8D2E-B3C24CBAD178}.Release|Any CPU.ActiveCfg = Release|Any CPU
		{DC0F2A5E-8F15-4A7F-8D2E-B3C24CBAD178}.Release|Any CPU.Build.0 = Release|Any CPU
	EndGlobalSection
	GlobalSection(SolutionProperties) = preSolution
		HideSolutionNode = FALSE
	EndGlobalSection
	GlobalSection(ExtensibilityGlobals) = postSolution
		SolutionGuid = {2ADAF388-AD34-40CA-9714-CA2F99187BBE}
	EndGlobalSection
EndGlobal
